// !$*UTF8*$!
{
	archiveVersion = 1;
	classes = {
	};
	objectVersion = 50;
	objects = {

/* Begin PBXBuildFile section */
		1212F20C24C8C4A1003C0E6D /* SharedCode.framework in Frameworks */ = {isa = PBXBuildFile; fileRef = 12D53F7A24C18505002A7280 /* SharedCode.framework */; };
		1212F20D24C8C4A1003C0E6D /* SharedCode.framework in Embed Frameworks */ = {isa = PBXBuildFile; fileRef = 12D53F7A24C18505002A7280 /* SharedCode.framework */; settings = {ATTRIBUTES = (CodeSignOnCopy, RemoveHeadersOnCopy, ); }; };
		1212F21024C8C560003C0E6D /* TweetsObservableModel.swift in Sources */ = {isa = PBXBuildFile; fileRef = 1212F20F24C8C560003C0E6D /* TweetsObservableModel.swift */; };
		12D53F6624C18116002A7280 /* AppDelegate.swift in Sources */ = {isa = PBXBuildFile; fileRef = 12D53F6524C18116002A7280 /* AppDelegate.swift */; };
		12D53F6824C18116002A7280 /* SceneDelegate.swift in Sources */ = {isa = PBXBuildFile; fileRef = 12D53F6724C18116002A7280 /* SceneDelegate.swift */; };
		12D53F6A24C18116002A7280 /* ContentView.swift in Sources */ = {isa = PBXBuildFile; fileRef = 12D53F6924C18116002A7280 /* ContentView.swift */; };
		12D53F6C24C18117002A7280 /* Assets.xcassets in Resources */ = {isa = PBXBuildFile; fileRef = 12D53F6B24C18117002A7280 /* Assets.xcassets */; };
		12D53F6F24C18117002A7280 /* Preview Assets.xcassets in Resources */ = {isa = PBXBuildFile; fileRef = 12D53F6E24C18117002A7280 /* Preview Assets.xcassets */; };
		12D53F7224C18117002A7280 /* LaunchScreen.storyboard in Resources */ = {isa = PBXBuildFile; fileRef = 12D53F7024C18117002A7280 /* LaunchScreen.storyboard */; };
/* End PBXBuildFile section */

/* Begin PBXCopyFilesBuildPhase section */
		1212F20E24C8C4A2003C0E6D /* Embed Frameworks */ = {
			isa = PBXCopyFilesBuildPhase;
			buildActionMask = 2147483647;
			dstPath = "";
			dstSubfolderSpec = 10;
			files = (
				1212F20D24C8C4A1003C0E6D /* SharedCode.framework in Embed Frameworks */,
			);
			name = "Embed Frameworks";
			runOnlyForDeploymentPostprocessing = 0;
		};
/* End PBXCopyFilesBuildPhase section */

/* Begin PBXFileReference section */
		1212F20F24C8C560003C0E6D /* TweetsObservableModel.swift */ = {isa = PBXFileReference; lastKnownFileType = sourcecode.swift; path = TweetsObservableModel.swift; sourceTree = "<group>"; };
		12D53F6224C18116002A7280 /* slide_mpp_ios.app */ = {isa = PBXFileReference; explicitFileType = wrapper.application; includeInIndex = 0; path = slide_mpp_ios.app; sourceTree = BUILT_PRODUCTS_DIR; };
		12D53F6524C18116002A7280 /* AppDelegate.swift */ = {isa = PBXFileReference; lastKnownFileType = sourcecode.swift; path = AppDelegate.swift; sourceTree = "<group>"; };
		12D53F6724C18116002A7280 /* SceneDelegate.swift */ = {isa = PBXFileReference; lastKnownFileType = sourcecode.swift; path = SceneDelegate.swift; sourceTree = "<group>"; };
		12D53F6924C18116002A7280 /* ContentView.swift */ = {isa = PBXFileReference; lastKnownFileType = sourcecode.swift; path = ContentView.swift; sourceTree = "<group>"; };
		12D53F6B24C18117002A7280 /* Assets.xcassets */ = {isa = PBXFileReference; lastKnownFileType = folder.assetcatalog; path = Assets.xcassets; sourceTree = "<group>"; };
		12D53F6E24C18117002A7280 /* Preview Assets.xcassets */ = {isa = PBXFileReference; lastKnownFileType = folder.assetcatalog; path = "Preview Assets.xcassets"; sourceTree = "<group>"; };
		12D53F7124C18117002A7280 /* Base */ = {isa = PBXFileReference; lastKnownFileType = file.storyboard; name = Base; path = Base.lproj/LaunchScreen.storyboard; sourceTree = "<group>"; };
		12D53F7324C18117002A7280 /* Info.plist */ = {isa = PBXFileReference; lastKnownFileType = text.plist.xml; path = Info.plist; sourceTree = "<group>"; };
		12D53F7A24C18505002A7280 /* SharedCode.framework */ = {isa = PBXFileReference; lastKnownFileType = wrapper.framework; name = SharedCode.framework; path = "../../SharedCode/build/xcode-frameworks/SharedCode.framework"; sourceTree = "<group>"; };
/* End PBXFileReference section */

/* Begin PBXFrameworksBuildPhase section */
		12D53F5F24C18116002A7280 /* Frameworks */ = {
			isa = PBXFrameworksBuildPhase;
			buildActionMask = 2147483647;
			files = (
				1212F20C24C8C4A1003C0E6D /* SharedCode.framework in Frameworks */,
			);
			runOnlyForDeploymentPostprocessing = 0;
		};
/* End PBXFrameworksBuildPhase section */

/* Begin PBXGroup section */
		12D53F5924C18116002A7280 = {
			isa = PBXGroup;
			children = (
				12D53F6424C18116002A7280 /* slide_mpp_ios */,
				12D53F6324C18116002A7280 /* Products */,
				12D53F7924C18505002A7280 /* Frameworks */,
			);
			sourceTree = "<group>";
		};
		12D53F6324C18116002A7280 /* Products */ = {
			isa = PBXGroup;
			children = (
				12D53F6224C18116002A7280 /* slide_mpp_ios.app */,
			);
			name = Products;
			sourceTree = "<group>";
		};
		12D53F6424C18116002A7280 /* slide_mpp_ios */ = {
			isa = PBXGroup;
			children = (
				12D53F6524C18116002A7280 /* AppDelegate.swift */,
				12D53F6724C18116002A7280 /* SceneDelegate.swift */,
				12D53F6924C18116002A7280 /* ContentView.swift */,
				12D53F6B24C18117002A7280 /* Assets.xcassets */,
				12D53F7024C18117002A7280 /* LaunchScreen.storyboard */,
				12D53F7324C18117002A7280 /* Info.plist */,
				12D53F6D24C18117002A7280 /* Preview Content */,
				1212F20F24C8C560003C0E6D /* TweetsObservableModel.swift */,
			);
			path = slide_mpp_ios;
			sourceTree = "<group>";
		};
		12D53F6D24C18117002A7280 /* Preview Content */ = {
			isa = PBXGroup;
			children = (
				12D53F6E24C18117002A7280 /* Preview Assets.xcassets */,
			);
			path = "Preview Content";
			sourceTree = "<group>";
		};
		12D53F7924C18505002A7280 /* Frameworks */ = {
			isa = PBXGroup;
			children = (
				12D53F7A24C18505002A7280 /* SharedCode.framework */,
			);
			name = Frameworks;
			sourceTree = "<group>";
		};
/* End PBXGroup section */

/* Begin PBXNativeTarget section */
		12D53F6124C18116002A7280 /* slide_mpp_ios */ = {
			isa = PBXNativeTarget;
			buildConfigurationList = 12D53F7624C18117002A7280 /* Build configuration list for PBXNativeTarget "slide_mpp_ios" */;
			buildPhases = (
				12D53F7E24C187FD002A7280 /* ShellScript */,
				12D53F5E24C18116002A7280 /* Sources */,
				12D53F5F24C18116002A7280 /* Frameworks */,
				12D53F6024C18116002A7280 /* Resources */,
				1212F20E24C8C4A2003C0E6D /* Embed Frameworks */,
			);
			buildRules = (
			);
			dependencies = (
			);
			name = slide_mpp_ios;
			productName = slide_mpp_ios;
			productReference = 12D53F6224C18116002A7280 /* slide_mpp_ios.app */;
			productType = "com.apple.product-type.application";
		};
/* End PBXNativeTarget section */

/* Begin PBXProject section */
		12D53F5A24C18116002A7280 /* Project object */ = {
			isa = PBXProject;
			attributes = {
				KnownAssetTags = (
					New,
				);
				LastSwiftUpdateCheck = 1150;
				LastUpgradeCheck = 1150;
				ORGANIZATIONNAME = kouta;
				TargetAttributes = {
					12D53F6124C18116002A7280 = {
						CreatedOnToolsVersion = 11.5;
					};
				};
			};
			buildConfigurationList = 12D53F5D24C18116002A7280 /* Build configuration list for PBXProject "slide_mpp_ios" */;
			compatibilityVersion = "Xcode 9.3";
			developmentRegion = en;
			hasScannedForEncodings = 0;
			knownRegions = (
				en,
				Base,
			);
			mainGroup = 12D53F5924C18116002A7280;
			productRefGroup = 12D53F6324C18116002A7280 /* Products */;
			projectDirPath = "";
			projectRoot = "";
			targets = (
				12D53F6124C18116002A7280 /* slide_mpp_ios */,
			);
		};
/* End PBXProject section */

/* Begin PBXResourcesBuildPhase section */
		12D53F6024C18116002A7280 /* Resources */ = {
			isa = PBXResourcesBuildPhase;
			buildActionMask = 2147483647;
			files = (
				12D53F7224C18117002A7280 /* LaunchScreen.storyboard in Resources */,
				12D53F6F24C18117002A7280 /* Preview Assets.xcassets in Resources */,
				12D53F6C24C18117002A7280 /* Assets.xcassets in Resources */,
			);
			runOnlyForDeploymentPostprocessing = 0;
		};
/* End PBXResourcesBuildPhase section */

/* Begin PBXShellScriptBuildPhase section */
		12D53F7E24C187FD002A7280 /* ShellScript */ = {
			isa = PBXShellScriptBuildPhase;
			buildActionMask = 2147483647;
			files = (
			);
			inputFileListPaths = (
			);
			inputPaths = (
			);
			outputFileListPaths = (
			);
			outputPaths = (
			);
			runOnlyForDeploymentPostprocessing = 0;
			shellPath = /bin/sh;
			shellScript = "cd \"$SRCROOT/../../SharedCode/build/xcode-frameworks\"\n./gradlew :SharedCode:packForXCode \n";
		};
/* End PBXShellScriptBuildPhase section */

/* Begin PBXSourcesBuildPhase section */
		12D53F5E24C18116002A7280 /* Sources */ = {
			isa = PBXSourcesBuildPhase;
			buildActionMask = 2147483647;
			files = (
				1212F21024C8C560003C0E6D /* TweetsObservableModel.swift in Sources */,
				12D53F6624C18116002A7280 /* AppDelegate.swift in Sources */,
				12D53F6824C18116002A7280 /* SceneDelegate.swift in Sources */,
				12D53F6A24C18116002A7280 /* ContentView.swift in Sources */,
			);
			runOnlyForDeploymentPostprocessing = 0;
		};
/* End PBXSourcesBuildPhase section */

/* Begin PBXVariantGroup section */
		12D53F7024C18117002A7280 /* LaunchScreen.storyboard */ = {
			isa = PBXVariantGroup;
			children = (
				12D53F7124C18117002A7280 /* Base */,
			);
			name = LaunchScreen.storyboard;
			sourceTree = "<group>";
		};
/* End PBXVariantGroup section */

/* Begin XCBuildConfiguration section */
		12D53F7424C18117002A7280 /* Debug */ = {
			isa = XCBuildConfiguration;
			buildSettings = {
				ALWAYS_SEARCH_USER_PATHS = NO;
				CLANG_ANALYZER_NONNULL = YES;
				CLANG_ANALYZER_NUMBER_OBJECT_CONVERSION = YES_AGGRESSIVE;
				CLANG_CXX_LANGUAGE_STANDARD = "gnu++14";
				CLANG_CXX_LIBRARY = "libc++";
				CLANG_ENABLE_MODULES = YES;
				CLANG_ENABLE_OBJC_ARC = YES;
				CLANG_ENABLE_OBJC_WEAK = YES;
				CLANG_WARN_BLOCK_CAPTURE_AUTORELEASING = YES;
				CLANG_WARN_BOOL_CONVERSION = YES;
				CLANG_WARN_COMMA = YES;
				CLANG_WARN_CONSTANT_CONVERSION = YES;
				CLANG_WARN_DEPRECATED_OBJC_IMPLEMENTATIONS = YES;
				CLANG_WARN_DIRECT_OBJC_ISA_USAGE = YES_ERROR;
				CLANG_WARN_DOCUMENTATION_COMMENTS = YES;
				CLANG_WARN_EMPTY_BODY = YES;
				CLANG_WARN_ENUM_CONVERSION = YES;
				CLANG_WARN_INFINITE_RECURSION = YES;
				CLANG_WARN_INT_CONVERSION = YES;
				CLANG_WARN_NON_LITERAL_NULL_CONVERSION = YES;
				CLANG_WARN_OBJC_IMPLICIT_RETAIN_SELF = YES;
				CLANG_WARN_OBJC_LITERAL_CONVERSION = YES;
				CLANG_WARN_OBJC_ROOT_CLASS = YES_ERROR;
				CLANG_WARN_RANGE_LOOP_ANALYSIS = YES;
				CLANG_WARN_STRICT_PROTOTYPES = YES;
				CLANG_WARN_SUSPICIOUS_MOVE = YES;
				CLANG_WARN_UNGUARDED_AVAILABILITY = YES_AGGRESSIVE;
				CLANG_WARN_UNREACHABLE_CODE = YES;
				CLANG_WARN__DUPLICATE_METHOD_MATCH = YES;
				COPY_PHASE_STRIP = NO;
				DEBUG_INFORMATION_FORMAT = dwarf;
				ENABLE_STRICT_OBJC_MSGSEND = YES;
				ENABLE_TESTABILITY = YES;
				GCC_C_LANGUAGE_STANDARD = gnu11;
				GCC_DYNAMIC_NO_PIC = NO;
				GCC_NO_COMMON_BLOCKS = YES;
				GCC_OPTIMIZATION_LEVEL = 0;
				GCC_PREPROCESSOR_DEFINITIONS = (
					"DEBUG=1",
					"$(inherited)",
				);
				GCC_WARN_64_TO_32_BIT_CONVERSION = YES;
				GCC_WARN_ABOUT_RETURN_TYPE = YES_ERROR;
				GCC_WARN_UNDECLARED_SELECTOR = YES;
				GCC_WARN_UNINITIALIZED_AUTOS = YES_AGGRESSIVE;
				GCC_WARN_UNUSED_FUNCTION = YES;
				GCC_WARN_UNUSED_VARIABLE = YES;
				IPHONEOS_DEPLOYMENT_TARGET = 13.5;
				MTL_ENABLE_DEBUG_INFO = INCLUDE_SOURCE;
				MTL_FAST_MATH = YES;
				ONLY_ACTIVE_ARCH = YES;
				SDKROOT = iphoneos;
				SWIFT_ACTIVE_COMPILATION_CONDITIONS = DEBUG;
				SWIFT_OPTIMIZATION_LEVEL = "-Onone";
			};
			name = Debug;
		};
		12D53F7524C18117002A7280 /* Release */ = {
			isa = XCBuildConfiguration;
			buildSettings = {
				ALWAYS_SEARCH_USER_PATHS = NO;
				CLANG_ANALYZER_NONNULL = YES;
				CLANG_ANALYZER_NUMBER_OBJECT_CONVERSION = YES_AGGRESSIVE;
				CLANG_CXX_LANGUAGE_STANDARD = "gnu++14";
				CLANG_CXX_LIBRARY = "libc++";
				CLANG_ENABLE_MODULES = YES;
				CLANG_ENABLE_OBJC_ARC = YES;
				CLANG_ENABLE_OBJC_WEAK = YES;
				CLANG_WARN_BLOCK_CAPTURE_AUTORELEASING = YES;
				CLANG_WARN_BOOL_CONVERSION = YES;
				CLANG_WARN_COMMA = YES;
				CLANG_WARN_CONSTANT_CONVERSION = YES;
				CLANG_WARN_DEPRECATED_OBJC_IMPLEMENTATIONS = YES;
				CLANG_WARN_DIRECT_OBJC_ISA_USAGE = YES_ERROR;
				CLANG_WARN_DOCUMENTATION_COMMENTS = YES;
				CLANG_WARN_EMPTY_BODY = YES;
				CLANG_WARN_ENUM_CONVERSION = YES;
				CLANG_WARN_INFINITE_RECURSION = YES;
				CLANG_WARN_INT_CONVERSION = YES;
				CLANG_WARN_NON_LITERAL_NULL_CONVERSION = YES;
				CLANG_WARN_OBJC_IMPLICIT_RETAIN_SELF = YES;
				CLANG_WARN_OBJC_LITERAL_CONVERSION = YES;
				CLANG_WARN_OBJC_ROOT_CLASS = YES_ERROR;
				CLANG_WARN_RANGE_LOOP_ANALYSIS = YES;
				CLANG_WARN_STRICT_PROTOTYPES = YES;
				CLANG_WARN_SUSPICIOUS_MOVE = YES;
				CLANG_WARN_UNGUARDED_AVAILABILITY = YES_AGGRESSIVE;
				CLANG_WARN_UNREACHABLE_CODE = YES;
				CLANG_WARN__DUPLICATE_METHOD_MATCH = YES;
				COPY_PHASE_STRIP = NO;
				DEBUG_INFORMATION_FORMAT = "dwarf-with-dsym";
				ENABLE_NS_ASSERTIONS = NO;
				ENABLE_STRICT_OBJC_MSGSEND = YES;
				GCC_C_LANGUAGE_STANDARD = gnu11;
				GCC_NO_COMMON_BLOCKS = YES;
				GCC_WARN_64_TO_32_BIT_CONVERSION = YES;
				GCC_WARN_ABOUT_RETURN_TYPE = YES_ERROR;
				GCC_WARN_UNDECLARED_SELECTOR = YES;
				GCC_WARN_UNINITIALIZED_AUTOS = YES_AGGRESSIVE;
				GCC_WARN_UNUSED_FUNCTION = YES;
				GCC_WARN_UNUSED_VARIABLE = YES;
				IPHONEOS_DEPLOYMENT_TARGET = 13.5;
				MTL_ENABLE_DEBUG_INFO = NO;
				MTL_FAST_MATH = YES;
				SDKROOT = iphoneos;
				SWIFT_COMPILATION_MODE = wholemodule;
				SWIFT_OPTIMIZATION_LEVEL = "-O";
				VALIDATE_PRODUCT = YES;
			};
			name = Release;
		};
		12D53F7724C18117002A7280 /* Debug */ = {
			isa = XCBuildConfiguration;
			buildSettings = {
				ASSETCATALOG_COMPILER_APPICON_NAME = AppIcon;
				CODE_SIGN_IDENTITY = "Apple Development";
				CODE_SIGN_STYLE = Automatic;
				DEVELOPMENT_ASSET_PATHS = "\"slide_mpp_ios/Preview Content\"";
				DEVELOPMENT_TEAM = LKZ3628YYC;
				ENABLE_PREVIEWS = YES;
				FRAMEWORK_SEARCH_PATHS = " $(SRCROOT)/../../SharedCode/build/xcode-frameworks ";
				INFOPLIST_FILE = slide_mpp_ios/Info.plist;
				LD_RUNPATH_SEARCH_PATHS = (
					"$(inherited)",
					"@executable_path/Frameworks",
				);
				PRODUCT_BUNDLE_IDENTIFIER = "com.kouta.slide-mpp-ios";
				PRODUCT_NAME = "$(TARGET_NAME)";
				PROVISIONING_PROFILE_SPECIFIER = "";
				SWIFT_VERSION = 5.0;
				TARGETED_DEVICE_FAMILY = "1,2";
			};
			name = Debug;
		};
		12D53F7824C18117002A7280 /* Release */ = {
			isa = XCBuildConfiguration;
			buildSettings = {
				ASSETCATALOG_COMPILER_APPICON_NAME = AppIcon;
				CODE_SIGN_IDENTITY = "Apple Development";
				CODE_SIGN_STYLE = Automatic;
				DEVELOPMENT_ASSET_PATHS = "\"slide_mpp_ios/Preview Content\"";
				DEVELOPMENT_TEAM = LKZ3628YYC;
				ENABLE_PREVIEWS = YES;
				FRAMEWORK_SEARCH_PATHS = " $(SRCROOT)/../../SharedCode/build/xcode-frameworks ";
				INFOPLIST_FILE = slide_mpp_ios/Info.plist;
				LD_RUNPATH_SEARCH_PATHS = (
					"$(inherited)",
					"@executable_path/Frameworks",
				);
				PRODUCT_BUNDLE_IDENTIFIER = "com.kouta.slide-mpp-ios";
				PRODUCT_NAME = "$(TARGET_NAME)";
				PROVISIONING_PROFILE_SPECIFIER = "";
				SWIFT_VERSION = 5.0;
				TARGETED_DEVICE_FAMILY = "1,2";
			};
			name = Release;
		};
/* End XCBuildConfiguration section */

/* Begin XCConfigurationList section */
		12D53F5D24C18116002A7280 /* Build configuration list for PBXProject "slide_mpp_ios" */ = {
			isa = XCConfigurationList;
			buildConfigurations = (
				12D53F7424C18117002A7280 /* Debug */,
				12D53F7524C18117002A7280 /* Release */,
			);
			defaultConfigurationIsVisible = 0;
			defaultConfigurationName = Release;
		};
		12D53F7624C18117002A7280 /* Build configuration list for PBXNativeTarget "slide_mpp_ios" */ = {
			isa = XCConfigurationList;
			buildConfigurations = (
				12D53F7724C18117002A7280 /* Debug */,
				12D53F7824C18117002A7280 /* Release */,
			);
			defaultConfigurationIsVisible = 0;
			defaultConfigurationName = Release;
		};
/* End XCConfigurationList section */
	};
	rootObject = 12D53F5A24C18116002A7280 /* Project object */;
}
